{
  "name": "natuelabs-wms",
  "version": "0.1.1",
  "lockfileVersion": 1,
  "requires": true,
  "dependencies": {
    "commander": {
      "version": "2.20.0",
      "resolved": "https://registry.npmjs.org/commander/-/commander-2.20.0.tgz",
      "integrity": "sha512-7j2y+40w61zy6YC2iRNpUe/NwhNyoXrYpHMrSunaMG64nRnaf96zO/KMQR4OyN/UnE5KLyEBnKHd4aG3rskjpQ=="
    },
    "less": {
      "version": "1.7.4",
      "resolved": "https://registry.npmjs.org/less/-/less-1.7.4.tgz",
      "integrity": "sha1-HbA6/Q0bhI2JjRDSaQ157jg0Am0=",
      "requires": {
        "clean-css": "2.1.x",
        "graceful-fs": "~2.0.3",
        "mime": "~1.2.11",
        "mkdirp": "~0.3.5",
        "request": "~2.34.0",
        "source-map": "0.1.x"
      },
      "dependencies": {
        "clean-css": {
          "version": "2.1.8",
          "resolved": "https://registry.npmjs.org/clean-css/-/clean-css-2.1.8.tgz",
          "integrity": "sha1-K0sv1g8yRBCWIWriWiH6p0WA3IM=",
          "optional": true,
          "requires": {
            "commander": "2.1.x"
          },
          "dependencies": {
            "commander": {
              "version": "2.1.0",
              "resolved": "https://registry.npmjs.org/commander/-/commander-2.1.0.tgz",
              "integrity": "sha1-0SG7roYNmZKj1Re6lvVliOR8Z4E=",
              "optional": true
            }
          }
        },
        "graceful-fs": {
          "version": "2.0.3",
          "resolved": "https://registry.npmjs.org/graceful-fs/-/graceful-fs-2.0.3.tgz",
          "integrity": "sha1-fNLNsiiko/Nule+mzBQt59GhNtA=",
          "optional": true
        },
        "mime": {
          "version": "1.2.11",
          "resolved": "https://registry.npmjs.org/mime/-/mime-1.2.11.tgz",
          "integrity": "sha1-WCA+7Ybjpe8XrtK32evUfwpg3RA=",
          "optional": true
        },
        "mkdirp": {
          "version": "0.3.5",
          "resolved": "https://registry.npmjs.org/mkdirp/-/mkdirp-0.3.5.tgz",
          "integrity": "sha1-3j5fiWHIjHh+4TaN+EmsRBPsqNc=",
          "optional": true
        },
        "request": {
          "version": "2.34.0",
          "resolved": "https://registry.npmjs.org/request/-/request-2.34.0.tgz",
          "integrity": "sha1-tdi5UmrdSi1GKfTUFxJFc5lkRa4=",
          "optional": true,
          "requires": {
            "aws-sign2": "~0.5.0",
            "forever-agent": "~0.5.0",
            "form-data": "~0.1.0",
            "hawk": "~1.0.0",
            "http-signature": "~0.10.0",
            "json-stringify-safe": "~5.0.0",
            "mime": "~1.2.9",
            "node-uuid": "~1.4.0",
            "oauth-sign": "~0.3.0",
            "qs": "~0.6.0",
            "tough-cookie": ">=0.12.0",
            "tunnel-agent": "~0.3.0"
          },
          "dependencies": {
            "aws-sign2": {
              "version": "0.5.0",
              "resolved": "https://registry.npmjs.org/aws-sign2/-/aws-sign2-0.5.0.tgz",
              "integrity": "sha1-xXED96F/wDfwLXwuZLYC6iI/fWM=",
              "optional": true
            },
            "forever-agent": {
              "version": "0.5.2",
              "resolved": "https://registry.npmjs.org/forever-agent/-/forever-agent-0.5.2.tgz",
              "integrity": "sha1-bQ4JxJIflKJ/Y9O0nF/v8epMUTA=",
              "optional": true
            },
            "form-data": {
              "version": "0.1.4",
              "resolved": "https://registry.npmjs.org/form-data/-/form-data-0.1.4.tgz",
              "integrity": "sha1-kavXiKupcCsaq/qLwBAxoqyeOxI=",
              "optional": true,
              "requires": {
                "async": "~0.9.0",
                "combined-stream": "~0.0.4",
                "mime": "~1.2.11"
              },
              "dependencies": {
                "async": {
                  "version": "0.9.0",
                  "resolved": "https://registry.npmjs.org/async/-/async-0.9.0.tgz",
                  "integrity": "sha1-rDYTsdqb7RtHUQu0ZRuJMeRxRsc=",
                  "optional": true
                },
                "combined-stream": {
                  "version": "0.0.5",
                  "resolved": "https://registry.npmjs.org/combined-stream/-/combined-stream-0.0.5.tgz",
                  "integrity": "sha1-Ke125cmq0HxKz5yj0yYBzOKGl6I=",
                  "optional": true,
                  "requires": {
                    "delayed-stream": "0.0.5"
                  },
                  "dependencies": {
                    "delayed-stream": {
                      "version": "0.0.5",
                      "resolved": "https://registry.npmjs.org/delayed-stream/-/delayed-stream-0.0.5.tgz",
                      "integrity": "sha1-1LH0OpPoKW3+AmlPRoC8N6MTxz8=",
                      "optional": true
                    }
                  }
                }
              }
            },
            "hawk": {
              "version": "1.0.0",
              "resolved": "https://registry.npmjs.org/hawk/-/hawk-1.0.0.tgz",
              "integrity": "sha1-uQuxaYByhUEdp//LjdJZhQLTtS0=",
              "optional": true,
              "requires": {
                "boom": "0.4.x",
                "cryptiles": "0.2.x",
                "hoek": "0.9.x",
                "sntp": "0.2.x"
              },
              "dependencies": {
                "boom": {
                  "version": "0.4.2",
                  "resolved": "https://registry.npmjs.org/boom/-/boom-0.4.2.tgz",
                  "integrity": "sha1-emNune1O/O+xnO9JR6PGffrukRs=",
                  "optional": true,
                  "requires": {
                    "hoek": "0.9.x"
                  }
                },
                "cryptiles": {
                  "version": "0.2.2",
                  "resolved": "https://registry.npmjs.org/cryptiles/-/cryptiles-0.2.2.tgz",
                  "integrity": "sha1-7ZH/HxetE9N0gohZT4pIoNJvMlw=",
                  "optional": true,
                  "requires": {
                    "boom": "0.4.x"
                  }
                },
                "hoek": {
                  "version": "0.9.1",
                  "resolved": "https://registry.npmjs.org/hoek/-/hoek-0.9.1.tgz",
                  "integrity": "sha1-PTIkYrrfB3Fup+uFuviAec3c5QU=",
                  "optional": true
                },
                "sntp": {
                  "version": "0.2.4",
                  "resolved": "https://registry.npmjs.org/sntp/-/sntp-0.2.4.tgz",
                  "integrity": "sha1-+4hfGLDzqtGJ+CSGJTa87ux1CQA=",
                  "optional": true,
                  "requires": {
                    "hoek": "0.9.x"
                  }
                }
              }
            },
            "http-signature": {
              "version": "0.10.0",
              "resolved": "https://registry.npmjs.org/http-signature/-/http-signature-0.10.0.tgz",
              "integrity": "sha1-FJTk9QAKg8DxG8wS1gB8Uwy5lYI=",
              "optional": true,
              "requires": {
                "asn1": "0.1.11",
                "assert-plus": "0.1.2",
                "ctype": "0.5.2"
              },
              "dependencies": {
                "asn1": {
                  "version": "0.1.11",
                  "resolved": "https://registry.npmjs.org/asn1/-/asn1-0.1.11.tgz",
                  "integrity": "sha1-VZvhg3bQik7E2+gId9J4GGObLfc=",
                  "optional": true
                },
                "assert-plus": {
                  "version": "0.1.2",
                  "resolved": "https://registry.npmjs.org/assert-plus/-/assert-plus-0.1.2.tgz",
                  "integrity": "sha1-2T/9u2esVQd3m+MWp9ZRRkF77vg=",
                  "optional": true
                },
                "ctype": {
                  "version": "0.5.2",
                  "resolved": "https://registry.npmjs.org/ctype/-/ctype-0.5.2.tgz",
                  "integrity": "sha1-/oCR1Gijc6Cwyf+Lv7NCXACXOh0=",
                  "optional": true
                }
              }
            },
            "json-stringify-safe": {
              "version": "5.0.0",
              "resolved": "https://registry.npmjs.org/json-stringify-safe/-/json-stringify-safe-5.0.0.tgz",
              "integrity": "sha1-TB8ii1BQg366nSH1DC5uMgYkVm4=",
              "optional": true
            },
            "node-uuid": {
              "version": "1.4.1",
              "resolved": "https://registry.npmjs.org/node-uuid/-/node-uuid-1.4.1.tgz",
              "integrity": "sha1-Oa71EOWImj3KnIlbUGxzquG6wEg=",
              "optional": true
            },
            "oauth-sign": {
              "version": "0.3.0",
              "resolved": "https://registry.npmjs.org/oauth-sign/-/oauth-sign-0.3.0.tgz",
              "integrity": "sha1-y1QPk7srIqfVlBaRoojWDo6pOG4=",
              "optional": true
            },
            "qs": {
              "version": "0.6.6",
              "resolved": "https://registry.npmjs.org/qs/-/qs-0.6.6.tgz",
              "integrity": "sha1-bgFQmP9RlouKPIGQAdXyyJvEsQc=",
              "optional": true
            },
            "tough-cookie": {
              "version": "0.12.1",
              "resolved": "https://registry.npmjs.org/tough-cookie/-/tough-cookie-0.12.1.tgz",
              "integrity": "sha1-giDH4hq9WxPZaAQlS9WoHr8sfWI=",
              "optional": true,
              "requires": {
                "punycode": ">=0.2.0"
              },
              "dependencies": {
                "punycode": {
                  "version": "1.3.0",
                  "resolved": "https://registry.npmjs.org/punycode/-/punycode-1.3.0.tgz",
                  "integrity": "sha1-f1AJ71OblES+XHoZq9LDyknhcxw=",
                  "optional": true
                }
              }
            },
            "tunnel-agent": {
              "version": "0.3.0",
              "resolved": "https://registry.npmjs.org/tunnel-agent/-/tunnel-agent-0.3.0.tgz",
              "integrity": "sha1-rWgbaPUyGtKCfEz7G31d8s/pQu4=",
              "optional": true
            }
          }
        },
        "source-map": {
          "version": "0.1.38",
          "resolved": "https://registry.npmjs.org/source-map/-/source-map-0.1.38.tgz",
          "integrity": "sha1-+TpvnZaluc9UlMBDSX2VQvn6azM=",
          "optional": true,
          "requires": {
            "amdefine": ">=0.0.4"
          },
          "dependencies": {
            "amdefine": {
              "version": "0.1.0",
              "resolved": "https://registry.npmjs.org/amdefine/-/amdefine-0.1.0.tgz",
              "integrity": "sha1-PKlzXPHd4O33pL9mQXCcgCT5sic=",
              "optional": true
            }
          }
        }
      }
    },
    "source-map": {
      "version": "0.6.1",
      "resolved": "https://registry.npmjs.org/source-map/-/source-map-0.6.1.tgz",
      "integrity": "sha512-UjgapumWlbMhkBgzT7Ykc5YXUT46F0iKu8SGXq0bcwP5dz/h0Plj6enJqjz1Zbq2l5WaqYnrVbwWOWMyF3F47g=="
    },
    "uglify-js": {
      "version": "3.6.0",
      "resolved": "https://registry.npmjs.org/uglify-js/-/uglify-js-3.6.0.tgz",
      "integrity": "sha512-W+jrUHJr3DXKhrsS7NUVxn3zqMOFn0hL/Ei6v0anCIMoKC93TjcflTagwIHLW7SfMFfiQuktQyFVCFHGUE0+yg==",
      "requires": {
        "commander": "~2.20.0",
        "source-map": "~0.6.1"
      }
    },
    "uglifycss": {
      "version": "0.0.9",
      "resolved": "https://registry.npmjs.org/uglifycss/-/uglifycss-0.0.9.tgz",
      "integrity": "sha1-yc2h3iLAWPaa+mj0lqcUwlgX36U="
    }
  }
}
